
Microsoft Visual Studio Solution File, Format Version 12.00
# Visual Studio 15
VisualStudioVersion = 15.0.26114.2
MinimumVisualStudioVersion = 10.0.40219.1
Project("{FAE04EC0-301F-11D3-BF4B-00C04F79EFBC}") = "Aplicacao", "Aplicacao\Aplicacao.csproj", "{3046C87C-0A64-476E-9D36-4DBA3F587CB5}"
EndProject
Project("{FAE04EC0-301F-11D3-BF4B-00C04F79EFBC}") = "Dominio", "Dominio\Dominio.csproj", "{144C362F-BAA7-46BD-A40B-72A568CB9EA7}"
EndProject
Project("{FAE04EC0-301F-11D3-BF4B-00C04F79EFBC}") = "Infraestrutura", "Infraestrutura\Infraestrutura.csproj", "{9559B8F3-FB65-4854-A29F-054BB339F67C}"
EndProject
Project("{FAE04EC0-301F-11D3-BF4B-00C04F79EFBC}") = "Teste.Aplicacao", "Teste.Aplicacao\Teste.Aplicacao.csproj", "{D8326A50-84DA-4ABF-A2A2-72ECA2F03556}"
EndProject
Project("{FAE04EC0-301F-11D3-BF4B-00C04F79EFBC}") = "Teste.Dominio", "Teste.Dominio\Teste.Dominio.csproj", "{21FFA98F-A518-4E31-8DE0-B1425D82D4CA}"
EndProject
Project("{FAE04EC0-301F-11D3-BF4B-00C04F79EFBC}") = "Teste.Infraestrutura", "Teste.Infraestrutura\Teste.Infraestrutura.csproj", "{4A6EEC42-AE8E-4DB6-BB16-7FF01646EAE3}"
EndProject
Global
	GlobalSection(SolutionConfigurationPlatforms) = preSolution
		Debug|Any CPU = Debug|Any CPU
		Release|Any CPU = Release|Any CPU
		Debug|x64 = Debug|x64
		Debug|x86 = Debug|x86
		Release|x64 = Release|x64
		Release|x86 = Release|x86
	EndGlobalSection
	GlobalSection(ProjectConfigurationPlatforms) = postSolution
		{3046C87C-0A64-476E-9D36-4DBA3F587CB5}.Debug|Any CPU.ActiveCfg = Debug|Any CPU
		{3046C87C-0A64-476E-9D36-4DBA3F587CB5}.Debug|Any CPU.Build.0 = Debug|Any CPU
		{3046C87C-0A64-476E-9D36-4DBA3F587CB5}.Debug|x64.ActiveCfg = Debug|x64
		{3046C87C-0A64-476E-9D36-4DBA3F587CB5}.Debug|x64.Build.0 = Debug|x64
		{3046C87C-0A64-476E-9D36-4DBA3F587CB5}.Debug|x86.ActiveCfg = Debug|x86
		{3046C87C-0A64-476E-9D36-4DBA3F587CB5}.Debug|x86.Build.0 = Debug|x86
		{3046C87C-0A64-476E-9D36-4DBA3F587CB5}.Release|Any CPU.ActiveCfg = Release|Any CPU
		{3046C87C-0A64-476E-9D36-4DBA3F587CB5}.Release|Any CPU.Build.0 = Release|Any CPU
		{3046C87C-0A64-476E-9D36-4DBA3F587CB5}.Release|x64.ActiveCfg = Release|x64
		{3046C87C-0A64-476E-9D36-4DBA3F587CB5}.Release|x64.Build.0 = Release|x64
		{3046C87C-0A64-476E-9D36-4DBA3F587CB5}.Release|x86.ActiveCfg = Release|x86
		{3046C87C-0A64-476E-9D36-4DBA3F587CB5}.Release|x86.Build.0 = Release|x86
		{144C362F-BAA7-46BD-A40B-72A568CB9EA7}.Debug|Any CPU.ActiveCfg = Debug|Any CPU
		{144C362F-BAA7-46BD-A40B-72A568CB9EA7}.Debug|Any CPU.Build.0 = Debug|Any CPU
		{144C362F-BAA7-46BD-A40B-72A568CB9EA7}.Debug|x64.ActiveCfg = Debug|x64
		{144C362F-BAA7-46BD-A40B-72A568CB9EA7}.Debug|x64.Build.0 = Debug|x64
		{144C362F-BAA7-46BD-A40B-72A568CB9EA7}.Debug|x86.ActiveCfg = Debug|x86
		{144C362F-BAA7-46BD-A40B-72A568CB9EA7}.Debug|x86.Build.0 = Debug|x86
		{144C362F-BAA7-46BD-A40B-72A568CB9EA7}.Release|Any CPU.ActiveCfg = Release|Any CPU
		{144C362F-BAA7-46BD-A40B-72A568CB9EA7}.Release|Any CPU.Build.0 = Release|Any CPU
		{144C362F-BAA7-46BD-A40B-72A568CB9EA7}.Release|x64.ActiveCfg = Release|x64
		{144C362F-BAA7-46BD-A40B-72A568CB9EA7}.Release|x64.Build.0 = Release|x64
		{144C362F-BAA7-46BD-A40B-72A568CB9EA7}.Release|x86.ActiveCfg = Release|x86
		{144C362F-BAA7-46BD-A40B-72A568CB9EA7}.Release|x86.Build.0 = Release|x86
		{9559B8F3-FB65-4854-A29F-054BB339F67C}.Debug|Any CPU.ActiveCfg = Debug|Any CPU
		{9559B8F3-FB65-4854-A29F-054BB339F67C}.Debug|Any CPU.Build.0 = Debug|Any CPU
		{9559B8F3-FB65-4854-A29F-054BB339F67C}.Debug|x64.ActiveCfg = Debug|x64
		{9559B8F3-FB65-4854-A29F-054BB339F67C}.Debug|x64.Build.0 = Debug|x64
		{9559B8F3-FB65-4854-A29F-054BB339F67C}.Debug|x86.ActiveCfg = Debug|x86
		{9559B8F3-FB65-4854-A29F-054BB339F67C}.Debug|x86.Build.0 = Debug|x86
		{9559B8F3-FB65-4854-A29F-054BB339F67C}.Release|Any CPU.ActiveCfg = Release|Any CPU
		{9559B8F3-FB65-4854-A29F-054BB339F67C}.Release|Any CPU.Build.0 = Release|Any CPU
		{9559B8F3-FB65-4854-A29F-054BB339F67C}.Release|x64.ActiveCfg = Release|x64
		{9559B8F3-FB65-4854-A29F-054BB339F67C}.Release|x64.Build.0 = Release|x64
		{9559B8F3-FB65-4854-A29F-054BB339F67C}.Release|x86.ActiveCfg = Release|x86
		{9559B8F3-FB65-4854-A29F-054BB339F67C}.Release|x86.Build.0 = Release|x86
		{D8326A50-84DA-4ABF-A2A2-72ECA2F03556}.Debug|Any CPU.ActiveCfg = Debug|Any CPU
		{D8326A50-84DA-4ABF-A2A2-72ECA2F03556}.Debug|Any CPU.Build.0 = Debug|Any CPU
		{D8326A50-84DA-4ABF-A2A2-72ECA2F03556}.Debug|x64.ActiveCfg = Debug|x64
		{D8326A50-84DA-4ABF-A2A2-72ECA2F03556}.Debug|x64.Build.0 = Debug|x64
		{D8326A50-84DA-4ABF-A2A2-72ECA2F03556}.Debug|x86.ActiveCfg = Debug|x86
		{D8326A50-84DA-4ABF-A2A2-72ECA2F03556}.Debug|x86.Build.0 = Debug|x86
		{D8326A50-84DA-4ABF-A2A2-72ECA2F03556}.Release|Any CPU.ActiveCfg = Release|Any CPU
		{D8326A50-84DA-4ABF-A2A2-72ECA2F03556}.Release|Any CPU.Build.0 = Release|Any CPU
		{D8326A50-84DA-4ABF-A2A2-72ECA2F03556}.Release|x64.ActiveCfg = Release|x64
		{D8326A50-84DA-4ABF-A2A2-72ECA2F03556}.Release|x64.Build.0 = Release|x64
		{D8326A50-84DA-4ABF-A2A2-72ECA2F03556}.Release|x86.ActiveCfg = Release|x86
		{D8326A50-84DA-4ABF-A2A2-72ECA2F03556}.Release|x86.Build.0 = Release|x86
		{21FFA98F-A518-4E31-8DE0-B1425D82D4CA}.Debug|Any CPU.ActiveCfg = Debug|Any CPU
		{21FFA98F-A518-4E31-8DE0-B1425D82D4CA}.Debug|Any CPU.Build.0 = Debug|Any CPU
		{21FFA98F-A518-4E31-8DE0-B1425D82D4CA}.Debug|x64.ActiveCfg = Debug|x64
		{21FFA98F-A518-4E31-8DE0-B1425D82D4CA}.Debug|x64.Build.0 = Debug|x64
		{21FFA98F-A518-4E31-8DE0-B1425D82D4CA}.Debug|x86.ActiveCfg = Debug|x86
		{21FFA98F-A518-4E31-8DE0-B1425D82D4CA}.Debug|x86.Build.0 = Debug|x86
		{21FFA98F-A518-4E31-8DE0-B1425D82D4CA}.Release|Any CPU.ActiveCfg = Release|Any CPU
		{21FFA98F-A518-4E31-8DE0-B1425D82D4CA}.Release|Any CPU.Build.0 = Release|Any CPU
		{21FFA98F-A518-4E31-8DE0-B1425D82D4CA}.Release|x64.ActiveCfg = Release|x64
		{21FFA98F-A518-4E31-8DE0-B1425D82D4CA}.Release|x64.Build.0 = Release|x64
		{21FFA98F-A518-4E31-8DE0-B1425D82D4CA}.Release|x86.ActiveCfg = Release|x86
		{21FFA98F-A518-4E31-8DE0-B1425D82D4CA}.Release|x86.Build.0 = Release|x86
		{4A6EEC42-AE8E-4DB6-BB16-7FF01646EAE3}.Debug|Any CPU.ActiveCfg = Debug|Any CPU
		{4A6EEC42-AE8E-4DB6-BB16-7FF01646EAE3}.Debug|Any CPU.Build.0 = Debug|Any CPU
		{4A6EEC42-AE8E-4DB6-BB16-7FF01646EAE3}.Debug|x64.ActiveCfg = Debug|x64
		{4A6EEC42-AE8E-4DB6-BB16-7FF01646EAE3}.Debug|x64.Build.0 = Debug|x64
		{4A6EEC42-AE8E-4DB6-BB16-7FF01646EAE3}.Debug|x86.ActiveCfg = Debug|x86
		{4A6EEC42-AE8E-4DB6-BB16-7FF01646EAE3}.Debug|x86.Build.0 = Debug|x86
		{4A6EEC42-AE8E-4DB6-BB16-7FF01646EAE3}.Release|Any CPU.ActiveCfg = Release|Any CPU
		{4A6EEC42-AE8E-4DB6-BB16-7FF01646EAE3}.Release|Any CPU.Build.0 = Release|Any CPU
		{4A6EEC42-AE8E-4DB6-BB16-7FF01646EAE3}.Release|x64.ActiveCfg = Release|x64
		{4A6EEC42-AE8E-4DB6-BB16-7FF01646EAE3}.Release|x64.Build.0 = Release|x64
		{4A6EEC42-AE8E-4DB6-BB16-7FF01646EAE3}.Release|x86.ActiveCfg = Release|x86
		{4A6EEC42-AE8E-4DB6-BB16-7FF01646EAE3}.Release|x86.Build.0 = Release|x86
	EndGlobalSection
	GlobalSection(SolutionProperties) = preSolution
		HideSolutionNode = FALSE
	EndGlobalSection
EndGlobal
