
Microsoft Visual Studio Solution File, Format Version 12.00
# Visual Studio 15
VisualStudioVersion = 15.0.26124.0
MinimumVisualStudioVersion = 15.0.26124.0
Project("{2150E333-8FDC-42A3-9474-1A3956D46DE8}") = "Dominio", "Dominio", "{11BB1D89-136F-49A7-8BE9-BF588E0B6933}"
EndProject
Project("{FAE04EC0-301F-11D3-BF4B-00C04F79EFBC}") = "IndoAsCompras.Dominio", "IndoAsCompras.Dominio\IndoAsCompras.Dominio.csproj", "{88F4F8E5-0042-41C9-87D5-CE077DDEAA43}"
EndProject
Project("{2150E333-8FDC-42A3-9474-1A3956D46DE8}") = "Aplicacao", "Aplicacao", "{FA23900F-70E4-4D69-9CDB-55A3B8FD0CFF}"
EndProject
Project("{FAE04EC0-301F-11D3-BF4B-00C04F79EFBC}") = "IndoAsCompras.Aplicacao", "IndoAsCompras.Aplicacao\IndoAsCompras.Aplicacao.csproj", "{5A397357-C0B3-4724-A76E-4653DF9F2D7C}"
EndProject
Project("{2150E333-8FDC-42A3-9474-1A3956D46DE8}") = "Infraestrutura", "Infraestrutura", "{3B2F7E1E-FEA3-49D9-BF6A-052AC632014C}"
EndProject
Project("{FAE04EC0-301F-11D3-BF4B-00C04F79EFBC}") = "IndoAsCompras.Infraestrutura", "IndoAsCompras.Infraestrutura\IndoAsCompras.Infraestrutura.csproj", "{9AA3DF57-B7B6-4F62-A820-5A148FC2F8FA}"
EndProject
Global
	GlobalSection(SolutionConfigurationPlatforms) = preSolution
		Debug|Any CPU = Debug|Any CPU
		Debug|x64 = Debug|x64
		Debug|x86 = Debug|x86
		Release|Any CPU = Release|Any CPU
		Release|x64 = Release|x64
		Release|x86 = Release|x86
	EndGlobalSection
	GlobalSection(SolutionProperties) = preSolution
		HideSolutionNode = FALSE
	EndGlobalSection
	GlobalSection(ProjectConfigurationPlatforms) = postSolution
		{88F4F8E5-0042-41C9-87D5-CE077DDEAA43}.Debug|Any CPU.ActiveCfg = Debug|Any CPU
		{88F4F8E5-0042-41C9-87D5-CE077DDEAA43}.Debug|Any CPU.Build.0 = Debug|Any CPU
		{88F4F8E5-0042-41C9-87D5-CE077DDEAA43}.Debug|x64.ActiveCfg = Debug|x64
		{88F4F8E5-0042-41C9-87D5-CE077DDEAA43}.Debug|x64.Build.0 = Debug|x64
		{88F4F8E5-0042-41C9-87D5-CE077DDEAA43}.Debug|x86.ActiveCfg = Debug|x86
		{88F4F8E5-0042-41C9-87D5-CE077DDEAA43}.Debug|x86.Build.0 = Debug|x86
		{88F4F8E5-0042-41C9-87D5-CE077DDEAA43}.Release|Any CPU.ActiveCfg = Release|Any CPU
		{88F4F8E5-0042-41C9-87D5-CE077DDEAA43}.Release|Any CPU.Build.0 = Release|Any CPU
		{88F4F8E5-0042-41C9-87D5-CE077DDEAA43}.Release|x64.ActiveCfg = Release|x64
		{88F4F8E5-0042-41C9-87D5-CE077DDEAA43}.Release|x64.Build.0 = Release|x64
		{88F4F8E5-0042-41C9-87D5-CE077DDEAA43}.Release|x86.ActiveCfg = Release|x86
		{88F4F8E5-0042-41C9-87D5-CE077DDEAA43}.Release|x86.Build.0 = Release|x86
		{5A397357-C0B3-4724-A76E-4653DF9F2D7C}.Debug|Any CPU.ActiveCfg = Debug|Any CPU
		{5A397357-C0B3-4724-A76E-4653DF9F2D7C}.Debug|Any CPU.Build.0 = Debug|Any CPU
		{5A397357-C0B3-4724-A76E-4653DF9F2D7C}.Debug|x64.ActiveCfg = Debug|x64
		{5A397357-C0B3-4724-A76E-4653DF9F2D7C}.Debug|x64.Build.0 = Debug|x64
		{5A397357-C0B3-4724-A76E-4653DF9F2D7C}.Debug|x86.ActiveCfg = Debug|x86
		{5A397357-C0B3-4724-A76E-4653DF9F2D7C}.Debug|x86.Build.0 = Debug|x86
		{5A397357-C0B3-4724-A76E-4653DF9F2D7C}.Release|Any CPU.ActiveCfg = Release|Any CPU
		{5A397357-C0B3-4724-A76E-4653DF9F2D7C}.Release|Any CPU.Build.0 = Release|Any CPU
		{5A397357-C0B3-4724-A76E-4653DF9F2D7C}.Release|x64.ActiveCfg = Release|x64
		{5A397357-C0B3-4724-A76E-4653DF9F2D7C}.Release|x64.Build.0 = Release|x64
		{5A397357-C0B3-4724-A76E-4653DF9F2D7C}.Release|x86.ActiveCfg = Release|x86
		{5A397357-C0B3-4724-A76E-4653DF9F2D7C}.Release|x86.Build.0 = Release|x86
		{9AA3DF57-B7B6-4F62-A820-5A148FC2F8FA}.Debug|Any CPU.ActiveCfg = Debug|Any CPU
		{9AA3DF57-B7B6-4F62-A820-5A148FC2F8FA}.Debug|Any CPU.Build.0 = Debug|Any CPU
		{9AA3DF57-B7B6-4F62-A820-5A148FC2F8FA}.Debug|x64.ActiveCfg = Debug|x64
		{9AA3DF57-B7B6-4F62-A820-5A148FC2F8FA}.Debug|x64.Build.0 = Debug|x64
		{9AA3DF57-B7B6-4F62-A820-5A148FC2F8FA}.Debug|x86.ActiveCfg = Debug|x86
		{9AA3DF57-B7B6-4F62-A820-5A148FC2F8FA}.Debug|x86.Build.0 = Debug|x86
		{9AA3DF57-B7B6-4F62-A820-5A148FC2F8FA}.Release|Any CPU.ActiveCfg = Release|Any CPU
		{9AA3DF57-B7B6-4F62-A820-5A148FC2F8FA}.Release|Any CPU.Build.0 = Release|Any CPU
		{9AA3DF57-B7B6-4F62-A820-5A148FC2F8FA}.Release|x64.ActiveCfg = Release|x64
		{9AA3DF57-B7B6-4F62-A820-5A148FC2F8FA}.Release|x64.Build.0 = Release|x64
		{9AA3DF57-B7B6-4F62-A820-5A148FC2F8FA}.Release|x86.ActiveCfg = Release|x86
		{9AA3DF57-B7B6-4F62-A820-5A148FC2F8FA}.Release|x86.Build.0 = Release|x86
	EndGlobalSection
	GlobalSection(NestedProjects) = preSolution
		{88F4F8E5-0042-41C9-87D5-CE077DDEAA43} = {11BB1D89-136F-49A7-8BE9-BF588E0B6933}
		{5A397357-C0B3-4724-A76E-4653DF9F2D7C} = {FA23900F-70E4-4D69-9CDB-55A3B8FD0CFF}
		{9AA3DF57-B7B6-4F62-A820-5A148FC2F8FA} = {3B2F7E1E-FEA3-49D9-BF6A-052AC632014C}
	EndGlobalSection
EndGlobal
